// !$*UTF8*$!
{
	archiveVersion = 1;
	classes = {
	};
	objectVersion = 56;
	objects = {

/* Begin PBXBuildFile section */
		061B3FC22B62A49F0019F72B /* TodoViewController.swift in Sources */ = {isa = PBXBuildFile; fileRef = 061B3FC12B62A49F0019F72B /* TodoViewController.swift */; };
		06267E192B5D697A005F8E30 /* MyViewController.swift in Sources */ = {isa = PBXBuildFile; fileRef = 06267E182B5D697A005F8E30 /* MyViewController.swift */; };
		06267E1B2B5EAE62005F8E30 /* MyTableViewController.swift in Sources */ = {isa = PBXBuildFile; fileRef = 06267E1A2B5EAE62005F8E30 /* MyTableViewController.swift */; };
		06454B862B5AC511008BEAAE /* AppDelegate.swift in Sources */ = {isa = PBXBuildFile; fileRef = 06454B852B5AC511008BEAAE /* AppDelegate.swift */; };
		06454B882B5AC511008BEAAE /* SceneDelegate.swift in Sources */ = {isa = PBXBuildFile; fileRef = 06454B872B5AC511008BEAAE /* SceneDelegate.swift */; };
		06454B8A2B5AC511008BEAAE /* ViewController.swift in Sources */ = {isa = PBXBuildFile; fileRef = 06454B892B5AC511008BEAAE /* ViewController.swift */; };
		06454B8D2B5AC511008BEAAE /* Main.storyboard in Resources */ = {isa = PBXBuildFile; fileRef = 06454B8B2B5AC511008BEAAE /* Main.storyboard */; };
		06454B8F2B5AC516008BEAAE /* Assets.xcassets in Resources */ = {isa = PBXBuildFile; fileRef = 06454B8E2B5AC516008BEAAE /* Assets.xcassets */; };
		06454B922B5AC516008BEAAE /* LaunchScreen.storyboard in Resources */ = {isa = PBXBuildFile; fileRef = 06454B902B5AC516008BEAAE /* LaunchScreen.storyboard */; };
		068400932B6D2121006E1638 /* GreenViewController.swift in Sources */ = {isa = PBXBuildFile; fileRef = 068400922B6D2121006E1638 /* GreenViewController.swift */; };
		068400952B6D2163006E1638 /* IndigoViewController.swift in Sources */ = {isa = PBXBuildFile; fileRef = 068400942B6D2163006E1638 /* IndigoViewController.swift */; };
/* End PBXBuildFile section */

/* Begin PBXFileReference section */
		061B3FC12B62A49F0019F72B /* TodoViewController.swift */ = {isa = PBXFileReference; lastKnownFileType = sourcecode.swift; path = TodoViewController.swift; sourceTree = "<group>"; };
		06267E182B5D697A005F8E30 /* MyViewController.swift */ = {isa = PBXFileReference; lastKnownFileType = sourcecode.swift; path = MyViewController.swift; sourceTree = "<group>"; };
		06267E1A2B5EAE62005F8E30 /* MyTableViewController.swift */ = {isa = PBXFileReference; lastKnownFileType = sourcecode.swift; path = MyTableViewController.swift; sourceTree = "<group>"; };
		06454B822B5AC511008BEAAE /* MyUIKit.app */ = {isa = PBXFileReference; explicitFileType = wrapper.application; includeInIndex = 0; path = MyUIKit.app; sourceTree = BUILT_PRODUCTS_DIR; };
		06454B852B5AC511008BEAAE /* AppDelegate.swift */ = {isa = PBXFileReference; lastKnownFileType = sourcecode.swift; path = AppDelegate.swift; sourceTree = "<group>"; };
		06454B872B5AC511008BEAAE /* SceneDelegate.swift */ = {isa = PBXFileReference; lastKnownFileType = sourcecode.swift; path = SceneDelegate.swift; sourceTree = "<group>"; };
		06454B892B5AC511008BEAAE /* ViewController.swift */ = {isa = PBXFileReference; lastKnownFileType = sourcecode.swift; path = ViewController.swift; sourceTree = "<group>"; };
		06454B8C2B5AC511008BEAAE /* Base */ = {isa = PBXFileReference; lastKnownFileType = file.storyboard; name = Base; path = Base.lproj/Main.storyboard; sourceTree = "<group>"; };
		06454B8E2B5AC516008BEAAE /* Assets.xcassets */ = {isa = PBXFileReference; lastKnownFileType = folder.assetcatalog; path = Assets.xcassets; sourceTree = "<group>"; };
		06454B912B5AC516008BEAAE /* Base */ = {isa = PBXFileReference; lastKnownFileType = file.storyboard; name = Base; path = Base.lproj/LaunchScreen.storyboard; sourceTree = "<group>"; };
		06454B932B5AC516008BEAAE /* Info.plist */ = {isa = PBXFileReference; lastKnownFileType = text.plist.xml; path = Info.plist; sourceTree = "<group>"; };
		068400922B6D2121006E1638 /* GreenViewController.swift */ = {isa = PBXFileReference; lastKnownFileType = sourcecode.swift; path = GreenViewController.swift; sourceTree = "<group>"; };
		068400942B6D2163006E1638 /* IndigoViewController.swift */ = {isa = PBXFileReference; lastKnownFileType = sourcecode.swift; path = IndigoViewController.swift; sourceTree = "<group>"; };
/* End PBXFileReference section */

/* Begin PBXFrameworksBuildPhase section */
		06454B7F2B5AC511008BEAAE /* Frameworks */ = {
			isa = PBXFrameworksBuildPhase;
			buildActionMask = 2147483647;
			files = (
			);
			runOnlyForDeploymentPostprocessing = 0;
		};
/* End PBXFrameworksBuildPhase section */

/* Begin PBXGroup section */
		06454B792B5AC511008BEAAE = {
			isa = PBXGroup;
			children = (
				06454B842B5AC511008BEAAE /* MyUIKit */,
				06454B832B5AC511008BEAAE /* Products */,
			);
			sourceTree = "<group>";
		};
		06454B832B5AC511008BEAAE /* Products */ = {
			isa = PBXGroup;
			children = (
				06454B822B5AC511008BEAAE /* MyUIKit.app */,
			);
			name = Products;
			sourceTree = "<group>";
		};
		06454B842B5AC511008BEAAE /* MyUIKit */ = {
			isa = PBXGroup;
			children = (
				06454B852B5AC511008BEAAE /* AppDelegate.swift */,
				06454B872B5AC511008BEAAE /* SceneDelegate.swift */,
				06454B892B5AC511008BEAAE /* ViewController.swift */,
				06267E182B5D697A005F8E30 /* MyViewController.swift */,
				06267E1A2B5EAE62005F8E30 /* MyTableViewController.swift */,
				06454B8B2B5AC511008BEAAE /* Main.storyboard */,
				06454B8E2B5AC516008BEAAE /* Assets.xcassets */,
				06454B902B5AC516008BEAAE /* LaunchScreen.storyboard */,
				06454B932B5AC516008BEAAE /* Info.plist */,
				061B3FC12B62A49F0019F72B /* TodoViewController.swift */,
				068400922B6D2121006E1638 /* GreenViewController.swift */,
				068400942B6D2163006E1638 /* IndigoViewController.swift */,
			);
			path = MyUIKit;
			sourceTree = "<group>";
		};
/* End PBXGroup section */

/* Begin PBXNativeTarget section */
		06454B812B5AC511008BEAAE /* MyUIKit */ = {
			isa = PBXNativeTarget;
			buildConfigurationList = 06454B962B5AC516008BEAAE /* Build configuration list for PBXNativeTarget "MyUIKit" */;
			buildPhases = (
				06454B7E2B5AC511008BEAAE /* Sources */,
				06454B7F2B5AC511008BEAAE /* Frameworks */,
				06454B802B5AC511008BEAAE /* Resources */,
			);
			buildRules = (
			);
			dependencies = (
			);
			name = MyUIKit;
			productName = MyUIKit;
			productReference = 06454B822B5AC511008BEAAE /* MyUIKit.app */;
			productType = "com.apple.product-type.application";
		};
/* End PBXNativeTarget section */

/* Begin PBXProject section */
		06454B7A2B5AC511008BEAAE /* Project object */ = {
			isa = PBXProject;
			attributes = {
				BuildIndependentTargetsInParallel = 1;
				LastSwiftUpdateCheck = 1520;
				LastUpgradeCheck = 1520;
				TargetAttributes = {
					06454B812B5AC511008BEAAE = {
						CreatedOnToolsVersion = 15.2;
					};
				};
			};
			buildConfigurationList = 06454B7D2B5AC511008BEAAE /* Build configuration list for PBXProject "MyUIKit" */;
			compatibilityVersion = "Xcode 14.0";
			developmentRegion = en;
			hasScannedForEncodings = 0;
			knownRegions = (
				en,
				Base,
			);
			mainGroup = 06454B792B5AC511008BEAAE;
			productRefGroup = 06454B832B5AC511008BEAAE /* Products */;
			projectDirPath = "";
			projectRoot = "";
			targets = (
				06454B812B5AC511008BEAAE /* MyUIKit */,
			);
		};
/* End PBXProject section */

/* Begin PBXResourcesBuildPhase section */
		06454B802B5AC511008BEAAE /* Resources */ = {
			isa = PBXResourcesBuildPhase;
			buildActionMask = 2147483647;
			files = (
				06454B922B5AC516008BEAAE /* LaunchScreen.storyboard in Resources */,
				06454B8F2B5AC516008BEAAE /* Assets.xcassets in Resources */,
				06454B8D2B5AC511008BEAAE /* Main.storyboard in Resources */,
			);
			runOnlyForDeploymentPostprocessing = 0;
		};
/* End PBXResourcesBuildPhase section */

/* Begin PBXSourcesBuildPhase section */
		06454B7E2B5AC511008BEAAE /* Sources */ = {
			isa = PBXSourcesBuildPhase;
			buildActionMask = 2147483647;
			files = (
				06454B8A2B5AC511008BEAAE /* ViewController.swift in Sources */,
				06454B862B5AC511008BEAAE /* AppDelegate.swift in Sources */,
				06267E192B5D697A005F8E30 /* MyViewController.swift in Sources */,
				06267E1B2B5EAE62005F8E30 /* MyTableViewController.swift in Sources */,
				061B3FC22B62A49F0019F72B /* TodoViewController.swift in Sources */,
				06454B882B5AC511008BEAAE /* SceneDelegate.swift in Sources */,
				068400952B6D2163006E1638 /* IndigoViewController.swift in Sources */,
				068400932B6D2121006E1638 /* GreenViewController.swift in Sources */,
			);
			runOnlyForDeploymentPostprocessing = 0;
		};
/* End PBXSourcesBuildPhase section */

/* Begin PBXVariantGroup section */
		06454B8B2B5AC511008BEAAE /* Main.storyboard */ = {
			isa = PBXVariantGroup;
			children = (
				06454B8C2B5AC511008BEAAE /* Base */,
			);
			name = Main.storyboard;
			sourceTree = "<group>";
		};
		06454B902B5AC516008BEAAE /* LaunchScreen.storyboard */ = {
			isa = PBXVariantGroup;
			children = (
				06454B912B5AC516008BEAAE /* Base */,
			);
			name = LaunchScreen.storyboard;
			sourceTree = "<group>";
		};
/* End PBXVariantGroup section */

/* Begin XCBuildConfiguration section */
		06454B942B5AC516008BEAAE /* Debug */ = {
			isa = XCBuildConfiguration;
			buildSettings = {
				ALWAYS_SEARCH_USER_PATHS = NO;
				ASSETCATALOG_COMPILER_GENERATE_SWIFT_ASSET_SYMBOL_EXTENSIONS = YES;
				CLANG_ANALYZER_NONNULL = YES;
				CLANG_ANALYZER_NUMBER_OBJECT_CONVERSION = YES_AGGRESSIVE;
				CLANG_CXX_LANGUAGE_STANDARD = "gnu++20";
				CLANG_ENABLE_MODULES = YES;
				CLANG_ENABLE_OBJC_ARC = YES;
				CLANG_ENABLE_OBJC_WEAK = YES;
				CLANG_WARN_BLOCK_CAPTURE_AUTORELEASING = YES;
				CLANG_WARN_BOOL_CONVERSION = YES;
				CLANG_WARN_COMMA = YES;
				CLANG_WARN_CONSTANT_CONVERSION = YES;
				CLANG_WARN_DEPRECATED_OBJC_IMPLEMENTATIONS = YES;
				CLANG_WARN_DIRECT_OBJC_ISA_USAGE = YES_ERROR;
				CLANG_WARN_DOCUMENTATION_COMMENTS = YES;
				CLANG_WARN_EMPTY_BODY = YES;
				CLANG_WARN_ENUM_CONVERSION = YES;
				CLANG_WARN_INFINITE_RECURSION = YES;
				CLANG_WARN_INT_CONVERSION = YES;
				CLANG_WARN_NON_LITERAL_NULL_CONVERSION = YES;
				CLANG_WARN_OBJC_IMPLICIT_RETAIN_SELF = YES;
				CLANG_WARN_OBJC_LITERAL_CONVERSION = YES;
				CLANG_WARN_OBJC_ROOT_CLASS = YES_ERROR;
				CLANG_WARN_QUOTED_INCLUDE_IN_FRAMEWORK_HEADER = YES;
				CLANG_WARN_RANGE_LOOP_ANALYSIS = YES;
				CLANG_WARN_STRICT_PROTOTYPES = YES;
				CLANG_WARN_SUSPICIOUS_MOVE = YES;
				CLANG_WARN_UNGUARDED_AVAILABILITY = YES_AGGRESSIVE;
				CLANG_WARN_UNREACHABLE_CODE = YES;
				CLANG_WARN__DUPLICATE_METHOD_MATCH = YES;
				COPY_PHASE_STRIP = NO;
				DEBUG_INFORMATION_FORMAT = dwarf;
				ENABLE_STRICT_OBJC_MSGSEND = YES;
				ENABLE_TESTABILITY = YES;
				ENABLE_USER_SCRIPT_SANDBOXING = YES;
				GCC_C_LANGUAGE_STANDARD = gnu17;
				GCC_DYNAMIC_NO_PIC = NO;
				GCC_NO_COMMON_BLOCKS = YES;
				GCC_OPTIMIZATION_LEVEL = 0;
				GCC_PREPROCESSOR_DEFINITIONS = (
					"DEBUG=1",
					"$(inherited)",
				);
				GCC_WARN_64_TO_32_BIT_CONVERSION = YES;
				GCC_WARN_ABOUT_RETURN_TYPE = YES_ERROR;
				GCC_WARN_UNDECLARED_SELECTOR = YES;
				GCC_WARN_UNINITIALIZED_AUTOS = YES_AGGRESSIVE;
				GCC_WARN_UNUSED_FUNCTION = YES;
				GCC_WARN_UNUSED_VARIABLE = YES;
				IPHONEOS_DEPLOYMENT_TARGET = 17.2;
				LOCALIZATION_PREFERS_STRING_CATALOGS = YES;
				MTL_ENABLE_DEBUG_INFO = INCLUDE_SOURCE;
				MTL_FAST_MATH = YES;
				ONLY_ACTIVE_ARCH = YES;
				SDKROOT = iphoneos;
				SWIFT_ACTIVE_COMPILATION_CONDITIONS = "DEBUG $(inherited)";
				SWIFT_OPTIMIZATION_LEVEL = "-Onone";
			};
			name = Debug;
		};
		06454B952B5AC516008BEAAE /* Release */ = {
			isa = XCBuildConfiguration;
			buildSettings = {
				ALWAYS_SEARCH_USER_PATHS = NO;
				ASSETCATALOG_COMPILER_GENERATE_SWIFT_ASSET_SYMBOL_EXTENSIONS = YES;
				CLANG_ANALYZER_NONNULL = YES;
				CLANG_ANALYZER_NUMBER_OBJECT_CONVERSION = YES_AGGRESSIVE;
				CLANG_CXX_LANGUAGE_STANDARD = "gnu++20";
				CLANG_ENABLE_MODULES = YES;
				CLANG_ENABLE_OBJC_ARC = YES;
				CLANG_ENABLE_OBJC_WEAK = YES;
				CLANG_WARN_BLOCK_CAPTURE_AUTORELEASING = YES;
				CLANG_WARN_BOOL_CONVERSION = YES;
				CLANG_WARN_COMMA = YES;
				CLANG_WARN_CONSTANT_CONVERSION = YES;
				CLANG_WARN_DEPRECATED_OBJC_IMPLEMENTATIONS = YES;
				CLANG_WARN_DIRECT_OBJC_ISA_USAGE = YES_ERROR;
				CLANG_WARN_DOCUMENTATION_COMMENTS = YES;
				CLANG_WARN_EMPTY_BODY = YES;
				CLANG_WARN_ENUM_CONVERSION = YES;
				CLANG_WARN_INFINITE_RECURSION = YES;
				CLANG_WARN_INT_CONVERSION = YES;
				CLANG_WARN_NON_LITERAL_NULL_CONVERSION = YES;
				CLANG_WARN_OBJC_IMPLICIT_RETAIN_SELF = YES;
				CLANG_WARN_OBJC_LITERAL_CONVERSION = YES;
				CLANG_WARN_OBJC_ROOT_CLASS = YES_ERROR;
				CLANG_WARN_QUOTED_INCLUDE_IN_FRAMEWORK_HEADER = YES;
				CLANG_WARN_RANGE_LOOP_ANALYSIS = YES;
				CLANG_WARN_STRICT_PROTOTYPES = YES;
				CLANG_WARN_SUSPICIOUS_MOVE = YES;
				CLANG_WARN_UNGUARDED_AVAILABILITY = YES_AGGRESSIVE;
				CLANG_WARN_UNREACHABLE_CODE = YES;
				CLANG_WARN__DUPLICATE_METHOD_MATCH = YES;
				COPY_PHASE_STRIP = NO;
				DEBUG_INFORMATION_FORMAT = "dwarf-with-dsym";
				ENABLE_NS_ASSERTIONS = NO;
				ENABLE_STRICT_OBJC_MSGSEND = YES;
				ENABLE_USER_SCRIPT_SANDBOXING = YES;
				GCC_C_LANGUAGE_STANDARD = gnu17;
				GCC_NO_COMMON_BLOCKS = YES;
				GCC_WARN_64_TO_32_BIT_CONVERSION = YES;
				GCC_WARN_ABOUT_RETURN_TYPE = YES_ERROR;
				GCC_WARN_UNDECLARED_SELECTOR = YES;
				GCC_WARN_UNINITIALIZED_AUTOS = YES_AGGRESSIVE;
				GCC_WARN_UNUSED_FUNCTION = YES;
				GCC_WARN_UNUSED_VARIABLE = YES;
				IPHONEOS_DEPLOYMENT_TARGET = 17.2;
				LOCALIZATION_PREFERS_STRING_CATALOGS = YES;
				MTL_ENABLE_DEBUG_INFO = NO;
				MTL_FAST_MATH = YES;
				SDKROOT = iphoneos;
				SWIFT_COMPILATION_MODE = wholemodule;
				VALIDATE_PRODUCT = YES;
			};
			name = Release;
		};
		06454B972B5AC516008BEAAE /* Debug */ = {
			isa = XCBuildConfiguration;
			buildSettings = {
				ASSETCATALOG_COMPILER_APPICON_NAME = AppIcon;
				ASSETCATALOG_COMPILER_GLOBAL_ACCENT_COLOR_NAME = AccentColor;
				CODE_SIGN_STYLE = Automatic;
				CURRENT_PROJECT_VERSION = 1;
				GENERATE_INFOPLIST_FILE = YES;
				INFOPLIST_FILE = MyUIKit/Info.plist;
				INFOPLIST_KEY_UIApplicationSupportsIndirectInputEvents = YES;
				INFOPLIST_KEY_UILaunchStoryboardName = LaunchScreen;
				INFOPLIST_KEY_UIMainStoryboardFile = Main;
				INFOPLIST_KEY_UISupportedInterfaceOrientations_iPad = "UIInterfaceOrientationPortrait UIInterfaceOrientationPortraitUpsideDown UIInterfaceOrientationLandscapeLeft UIInterfaceOrientationLandscapeRight";
				INFOPLIST_KEY_UISupportedInterfaceOrientations_iPhone = "UIInterfaceOrientationPortrait UIInterfaceOrientationLandscapeLeft UIInterfaceOrientationLandscapeRight";
				LD_RUNPATH_SEARCH_PATHS = (
					"$(inherited)",
					"@executable_path/Frameworks",
				);
				MARKETING_VERSION = 1.0;
				PRODUCT_BUNDLE_IDENTIFIER = Dyani.MyUIKit;
				PRODUCT_NAME = "$(TARGET_NAME)";
				SWIFT_EMIT_LOC_STRINGS = YES;
				SWIFT_VERSION = 5.0;
				TARGETED_DEVICE_FAMILY = "1,2";
			};
			name = Debug;
		};
		06454B982B5AC516008BEAAE /* Release */ = {
			isa = XCBuildConfiguration;
			buildSettings = {
				ASSETCATALOG_COMPILER_APPICON_NAME = AppIcon;
				ASSETCATALOG_COMPILER_GLOBAL_ACCENT_COLOR_NAME = AccentColor;
				CODE_SIGN_STYLE = Automatic;
				CURRENT_PROJECT_VERSION = 1;
				GENERATE_INFOPLIST_FILE = YES;
				INFOPLIST_FILE = MyUIKit/Info.plist;
				INFOPLIST_KEY_UIApplicationSupportsIndirectInputEvents = YES;
				INFOPLIST_KEY_UILaunchStoryboardName = LaunchScreen;
				INFOPLIST_KEY_UIMainStoryboardFile = Main;
				INFOPLIST_KEY_UISupportedInterfaceOrientations_iPad = "UIInterfaceOrientationPortrait UIInterfaceOrientationPortraitUpsideDown UIInterfaceOrientationLandscapeLeft UIInterfaceOrientationLandscapeRight";
				INFOPLIST_KEY_UISupportedInterfaceOrientations_iPhone = "UIInterfaceOrientationPortrait UIInterfaceOrientationLandscapeLeft UIInterfaceOrientationLandscapeRight";
				LD_RUNPATH_SEARCH_PATHS = (
					"$(inherited)",
					"@executable_path/Frameworks",
				);
				MARKETING_VERSION = 1.0;
				PRODUCT_BUNDLE_IDENTIFIER = Dyani.MyUIKit;
				PRODUCT_NAME = "$(TARGET_NAME)";
				SWIFT_EMIT_LOC_STRINGS = YES;
				SWIFT_VERSION = 5.0;
				TARGETED_DEVICE_FAMILY = "1,2";
			};
			name = Release;
		};
/* End XCBuildConfiguration section */

/* Begin XCConfigurationList section */
		06454B7D2B5AC511008BEAAE /* Build configuration list for PBXProject "MyUIKit" */ = {
			isa = XCConfigurationList;
			buildConfigurations = (
				06454B942B5AC516008BEAAE /* Debug */,
				06454B952B5AC516008BEAAE /* Release */,
			);
			defaultConfigurationIsVisible = 0;
			defaultConfigurationName = Release;
		};
		06454B962B5AC516008BEAAE /* Build configuration list for PBXNativeTarget "MyUIKit" */ = {
			isa = XCConfigurationList;
			buildConfigurations = (
				06454B972B5AC516008BEAAE /* Debug */,
				06454B982B5AC516008BEAAE /* Release */,
			);
			defaultConfigurationIsVisible = 0;
			defaultConfigurationName = Release;
		};
/* End XCConfigurationList section */
	};
	rootObject = 06454B7A2B5AC511008BEAAE /* Project object */;
}
